
Microsoft Visual Studio Solution File, Format Version 12.00
# Visual Studio Version 16
VisualStudioVersion = 16.0.31624.102
MinimumVisualStudioVersion = 10.0.40219.1
Project("{FAE04EC0-301F-11D3-BF4B-00C04F79EFBC}") = "AssetManagement.Server", "AssetManagement\Server\AssetManagement.Server.csproj", "{970FCA4C-40BE-496D-AA20-056A52FEE40C}"
EndProject
Project("{FAE04EC0-301F-11D3-BF4B-00C04F79EFBC}") = "AssetManagement.Client", "AssetManagement\Client\AssetManagement.Client.csproj", "{D5AD43C1-514E-41DE-B8A1-A66071F6280F}"
EndProject
Project("{FAE04EC0-301F-11D3-BF4B-00C04F79EFBC}") = "AssetManagement.Shared", "AssetManagement\Shared\AssetManagement.Shared.csproj", "{D85202EC-63F8-4270-B94F-A001167599D2}"
EndProject
Global
	GlobalSection(SolutionConfigurationPlatforms) = preSolution
		Debug|Any CPU = Debug|Any CPU
		Release|Any CPU = Release|Any CPU
	EndGlobalSection
	GlobalSection(ProjectConfigurationPlatforms) = postSolution
		{970FCA4C-40BE-496D-AA20-056A52FEE40C}.Debug|Any CPU.ActiveCfg = Debug|Any CPU
		{970FCA4C-40BE-496D-AA20-056A52FEE40C}.Debug|Any CPU.Build.0 = Debug|Any CPU
		{970FCA4C-40BE-496D-AA20-056A52FEE40C}.Release|Any CPU.ActiveCfg = Release|Any CPU
		{970FCA4C-40BE-496D-AA20-056A52FEE40C}.Release|Any CPU.Build.0 = Release|Any CPU
		{D5AD43C1-514E-41DE-B8A1-A66071F6280F}.Debug|Any CPU.ActiveCfg = Debug|Any CPU
		{D5AD43C1-514E-41DE-B8A1-A66071F6280F}.Debug|Any CPU.Build.0 = Debug|Any CPU
		{D5AD43C1-514E-41DE-B8A1-A66071F6280F}.Release|Any CPU.ActiveCfg = Release|Any CPU
		{D5AD43C1-514E-41DE-B8A1-A66071F6280F}.Release|Any CPU.Build.0 = Release|Any CPU
		{D85202EC-63F8-4270-B94F-A001167599D2}.Debug|Any CPU.ActiveCfg = Debug|Any CPU
		{D85202EC-63F8-4270-B94F-A001167599D2}.Debug|Any CPU.Build.0 = Debug|Any CPU
		{D85202EC-63F8-4270-B94F-A001167599D2}.Release|Any CPU.ActiveCfg = Release|Any CPU
		{D85202EC-63F8-4270-B94F-A001167599D2}.Release|Any CPU.Build.0 = Release|Any CPU
	EndGlobalSection
	GlobalSection(SolutionProperties) = preSolution
		HideSolutionNode = FALSE
	EndGlobalSection
	GlobalSection(ExtensibilityGlobals) = postSolution
		SolutionGuid = {A4A693B3-19F8-4ACD-88D7-E8CF64456EB4}
	EndGlobalSection
EndGlobal
